{
  "pins" : [
    {
      "identity" : "applovin-max-swift-package",
      "kind" : "remoteSourceControl",
      "location" : "https://github.com/AppLovin/AppLovin-MAX-Swift-Package.git",
      "state" : {
        "revision" : "c184b428415a05dcad488c6834e0bd02fe1d8f3e",
        "version" : "13.3.1"
      }
    }
  ],
  "version" : 2
}
